// !$*UTF8*$!
{
	archiveVersion = 1;
	classes = {
	};
	objectVersion = 50;
	objects = {

/* Begin PBXBuildFile section */
		581C692C25AEC6BB004ECFBC /* AppDelegate.swift in Sources */ = {isa = PBXBuildFile; fileRef = 581C692B25AEC6BB004ECFBC /* AppDelegate.swift */; };
		581C692E25AEC6BB004ECFBC /* SceneDelegate.swift in Sources */ = {isa = PBXBuildFile; fileRef = 581C692D25AEC6BB004ECFBC /* SceneDelegate.swift */; };
		581C693025AEC6BB004ECFBC /* ViewController.swift in Sources */ = {isa = PBXBuildFile; fileRef = 581C692F25AEC6BB004ECFBC /* ViewController.swift */; };
		581C693325AEC6BB004ECFBC /* Main.storyboard in Resources */ = {isa = PBXBuildFile; fileRef = 581C693125AEC6BB004ECFBC /* Main.storyboard */; };
		581C693525AEC6C2004ECFBC /* Assets.xcassets in Resources */ = {isa = PBXBuildFile; fileRef = 581C693425AEC6C2004ECFBC /* Assets.xcassets */; };
		581C693825AEC6C2004ECFBC /* LaunchScreen.storyboard in Resources */ = {isa = PBXBuildFile; fileRef = 581C693625AEC6C2004ECFBC /* LaunchScreen.storyboard */; };
		581C694625AEC8C4004ECFBC /* RatesFetcher.swift in Sources */ = {isa = PBXBuildFile; fileRef = 581C694525AEC8C4004ECFBC /* RatesFetcher.swift */; };
		581C694A25AEC8E8004ECFBC /* Currency.swift in Sources */ = {isa = PBXBuildFile; fileRef = 581C694925AEC8E8004ECFBC /* Currency.swift */; };
		581C694E25AECB16004ECFBC /* Utility.swift in Sources */ = {isa = PBXBuildFile; fileRef = 581C694D25AECB16004ECFBC /* Utility.swift */; };
/* End PBXBuildFile section */

/* Begin PBXFileReference section */
		581C692825AEC6BB004ECFBC /* CurrencyConverter.app */ = {isa = PBXFileReference; explicitFileType = wrapper.application; includeInIndex = 0; path = CurrencyConverter.app; sourceTree = BUILT_PRODUCTS_DIR; };
		581C692B25AEC6BB004ECFBC /* AppDelegate.swift */ = {isa = PBXFileReference; lastKnownFileType = sourcecode.swift; path = AppDelegate.swift; sourceTree = "<group>"; };
		581C692D25AEC6BB004ECFBC /* SceneDelegate.swift */ = {isa = PBXFileReference; lastKnownFileType = sourcecode.swift; path = SceneDelegate.swift; sourceTree = "<group>"; };
		581C692F25AEC6BB004ECFBC /* ViewController.swift */ = {isa = PBXFileReference; lastKnownFileType = sourcecode.swift; path = ViewController.swift; sourceTree = "<group>"; };
		581C693225AEC6BB004ECFBC /* Base */ = {isa = PBXFileReference; lastKnownFileType = file.storyboard; name = Base; path = Base.lproj/Main.storyboard; sourceTree = "<group>"; };
		581C693425AEC6C2004ECFBC /* Assets.xcassets */ = {isa = PBXFileReference; lastKnownFileType = folder.assetcatalog; path = Assets.xcassets; sourceTree = "<group>"; };
		581C693725AEC6C2004ECFBC /* Base */ = {isa = PBXFileReference; lastKnownFileType = file.storyboard; name = Base; path = Base.lproj/LaunchScreen.storyboard; sourceTree = "<group>"; };
		581C693925AEC6C2004ECFBC /* Info.plist */ = {isa = PBXFileReference; lastKnownFileType = text.plist.xml; path = Info.plist; sourceTree = "<group>"; };
		581C694525AEC8C4004ECFBC /* RatesFetcher.swift */ = {isa = PBXFileReference; fileEncoding = 4; lastKnownFileType = sourcecode.swift; path = RatesFetcher.swift; sourceTree = "<group>"; };
		581C694925AEC8E8004ECFBC /* Currency.swift */ = {isa = PBXFileReference; fileEncoding = 4; lastKnownFileType = sourcecode.swift; path = Currency.swift; sourceTree = "<group>"; };
		581C694D25AECB16004ECFBC /* Utility.swift */ = {isa = PBXFileReference; lastKnownFileType = sourcecode.swift; path = Utility.swift; sourceTree = "<group>"; };
/* End PBXFileReference section */

/* Begin PBXFrameworksBuildPhase section */
		581C692525AEC6BB004ECFBC /* Frameworks */ = {
			isa = PBXFrameworksBuildPhase;
			buildActionMask = 2147483647;
			files = (
			);
			runOnlyForDeploymentPostprocessing = 0;
		};
/* End PBXFrameworksBuildPhase section */

/* Begin PBXGroup section */
		581C691F25AEC6BB004ECFBC = {
			isa = PBXGroup;
			children = (
				581C692A25AEC6BB004ECFBC /* CurrencyConverter */,
				581C692925AEC6BB004ECFBC /* Products */,
			);
			sourceTree = "<group>";
		};
		581C692925AEC6BB004ECFBC /* Products */ = {
			isa = PBXGroup;
			children = (
				581C692825AEC6BB004ECFBC /* CurrencyConverter.app */,
			);
			name = Products;
			sourceTree = "<group>";
		};
		581C692A25AEC6BB004ECFBC /* CurrencyConverter */ = {
			isa = PBXGroup;
			children = (
				581C694C25AECB01004ECFBC /* Utility */,
				581C694825AEC8D6004ECFBC /* Model */,
				581C694425AEC885004ECFBC /* RatesFetcherAPI */,
				581C692B25AEC6BB004ECFBC /* AppDelegate.swift */,
				581C692D25AEC6BB004ECFBC /* SceneDelegate.swift */,
				581C692F25AEC6BB004ECFBC /* ViewController.swift */,
				581C693125AEC6BB004ECFBC /* Main.storyboard */,
				581C693425AEC6C2004ECFBC /* Assets.xcassets */,
				581C693625AEC6C2004ECFBC /* LaunchScreen.storyboard */,
				581C693925AEC6C2004ECFBC /* Info.plist */,
			);
			path = CurrencyConverter;
			sourceTree = "<group>";
		};
		581C694425AEC885004ECFBC /* RatesFetcherAPI */ = {
			isa = PBXGroup;
			children = (
				581C694525AEC8C4004ECFBC /* RatesFetcher.swift */,
			);
			path = RatesFetcherAPI;
			sourceTree = "<group>";
		};
		581C694825AEC8D6004ECFBC /* Model */ = {
			isa = PBXGroup;
			children = (
				581C694925AEC8E8004ECFBC /* Currency.swift */,
			);
			path = Model;
			sourceTree = "<group>";
		};
		581C694C25AECB01004ECFBC /* Utility */ = {
			isa = PBXGroup;
			children = (
				581C694D25AECB16004ECFBC /* Utility.swift */,
			);
			path = Utility;
			sourceTree = "<group>";
		};
/* End PBXGroup section */

/* Begin PBXNativeTarget section */
		581C692725AEC6BB004ECFBC /* CurrencyConverter */ = {
			isa = PBXNativeTarget;
			buildConfigurationList = 581C693C25AEC6C2004ECFBC /* Build configuration list for PBXNativeTarget "CurrencyConverter" */;
			buildPhases = (
				581C692425AEC6BB004ECFBC /* Sources */,
				581C692525AEC6BB004ECFBC /* Frameworks */,
				581C692625AEC6BB004ECFBC /* Resources */,
			);
			buildRules = (
			);
			dependencies = (
			);
			name = CurrencyConverter;
			productName = CurrencyConverter;
			productReference = 581C692825AEC6BB004ECFBC /* CurrencyConverter.app */;
			productType = "com.apple.product-type.application";
		};
/* End PBXNativeTarget section */

/* Begin PBXProject section */
		581C692025AEC6BB004ECFBC /* Project object */ = {
			isa = PBXProject;
			attributes = {
				LastSwiftUpdateCheck = 1220;
				LastUpgradeCheck = 1220;
				TargetAttributes = {
					581C692725AEC6BB004ECFBC = {
						CreatedOnToolsVersion = 12.2;
					};
				};
			};
			buildConfigurationList = 581C692325AEC6BB004ECFBC /* Build configuration list for PBXProject "CurrencyConverter" */;
			compatibilityVersion = "Xcode 9.3";
			developmentRegion = en;
			hasScannedForEncodings = 0;
			knownRegions = (
				en,
				Base,
			);
			mainGroup = 581C691F25AEC6BB004ECFBC;
			productRefGroup = 581C692925AEC6BB004ECFBC /* Products */;
			projectDirPath = "";
			projectRoot = "";
			targets = (
				581C692725AEC6BB004ECFBC /* CurrencyConverter */,
			);
		};
/* End PBXProject section */

/* Begin PBXResourcesBuildPhase section */
		581C692625AEC6BB004ECFBC /* Resources */ = {
			isa = PBXResourcesBuildPhase;
			buildActionMask = 2147483647;
			files = (
				581C693825AEC6C2004ECFBC /* LaunchScreen.storyboard in Resources */,
				581C693525AEC6C2004ECFBC /* Assets.xcassets in Resources */,
				581C693325AEC6BB004ECFBC /* Main.storyboard in Resources */,
			);
			runOnlyForDeploymentPostprocessing = 0;
		};
/* End PBXResourcesBuildPhase section */

/* Begin PBXSourcesBuildPhase section */
		581C692425AEC6BB004ECFBC /* Sources */ = {
			isa = PBXSourcesBuildPhase;
			buildActionMask = 2147483647;
			files = (
				581C693025AEC6BB004ECFBC /* ViewController.swift in Sources */,
				581C694A25AEC8E8004ECFBC /* Currency.swift in Sources */,
				581C694E25AECB16004ECFBC /* Utility.swift in Sources */,
				581C694625AEC8C4004ECFBC /* RatesFetcher.swift in Sources */,
				581C692C25AEC6BB004ECFBC /* AppDelegate.swift in Sources */,
				581C692E25AEC6BB004ECFBC /* SceneDelegate.swift in Sources */,
			);
			runOnlyForDeploymentPostprocessing = 0;
		};
/* End PBXSourcesBuildPhase section */

/* Begin PBXVariantGroup section */
		581C693125AEC6BB004ECFBC /* Main.storyboard */ = {
			isa = PBXVariantGroup;
			children = (
				581C693225AEC6BB004ECFBC /* Base */,
			);
			name = Main.storyboard;
			sourceTree = "<group>";
		};
		581C693625AEC6C2004ECFBC /* LaunchScreen.storyboard */ = {
			isa = PBXVariantGroup;
			children = (
				581C693725AEC6C2004ECFBC /* Base */,
			);
			name = LaunchScreen.storyboard;
			sourceTree = "<group>";
		};
/* End PBXVariantGroup section */

/* Begin XCBuildConfiguration section */
		581C693A25AEC6C2004ECFBC /* Debug */ = {
			isa = XCBuildConfiguration;
			buildSettings = {
				ALWAYS_SEARCH_USER_PATHS = NO;
				CLANG_ANALYZER_NONNULL = YES;
				CLANG_ANALYZER_NUMBER_OBJECT_CONVERSION = YES_AGGRESSIVE;
				CLANG_CXX_LANGUAGE_STANDARD = "gnu++14";
				CLANG_CXX_LIBRARY = "libc++";
				CLANG_ENABLE_MODULES = YES;
				CLANG_ENABLE_OBJC_ARC = YES;
				CLANG_ENABLE_OBJC_WEAK = YES;
				CLANG_WARN_BLOCK_CAPTURE_AUTORELEASING = YES;
				CLANG_WARN_BOOL_CONVERSION = YES;
				CLANG_WARN_COMMA = YES;
				CLANG_WARN_CONSTANT_CONVERSION = YES;
				CLANG_WARN_DEPRECATED_OBJC_IMPLEMENTATIONS = YES;
				CLANG_WARN_DIRECT_OBJC_ISA_USAGE = YES_ERROR;
				CLANG_WARN_DOCUMENTATION_COMMENTS = YES;
				CLANG_WARN_EMPTY_BODY = YES;
				CLANG_WARN_ENUM_CONVERSION = YES;
				CLANG_WARN_INFINITE_RECURSION = YES;
				CLANG_WARN_INT_CONVERSION = YES;
				CLANG_WARN_NON_LITERAL_NULL_CONVERSION = YES;
				CLANG_WARN_OBJC_IMPLICIT_RETAIN_SELF = YES;
				CLANG_WARN_OBJC_LITERAL_CONVERSION = YES;
				CLANG_WARN_OBJC_ROOT_CLASS = YES_ERROR;
				CLANG_WARN_QUOTED_INCLUDE_IN_FRAMEWORK_HEADER = YES;
				CLANG_WARN_RANGE_LOOP_ANALYSIS = YES;
				CLANG_WARN_STRICT_PROTOTYPES = YES;
				CLANG_WARN_SUSPICIOUS_MOVE = YES;
				CLANG_WARN_UNGUARDED_AVAILABILITY = YES_AGGRESSIVE;
				CLANG_WARN_UNREACHABLE_CODE = YES;
				CLANG_WARN__DUPLICATE_METHOD_MATCH = YES;
				COPY_PHASE_STRIP = NO;
				DEBUG_INFORMATION_FORMAT = dwarf;
				ENABLE_STRICT_OBJC_MSGSEND = YES;
				ENABLE_TESTABILITY = YES;
				GCC_C_LANGUAGE_STANDARD = gnu11;
				GCC_DYNAMIC_NO_PIC = NO;
				GCC_NO_COMMON_BLOCKS = YES;
				GCC_OPTIMIZATION_LEVEL = 0;
				GCC_PREPROCESSOR_DEFINITIONS = (
					"DEBUG=1",
					"$(inherited)",
				);
				GCC_WARN_64_TO_32_BIT_CONVERSION = YES;
				GCC_WARN_ABOUT_RETURN_TYPE = YES_ERROR;
				GCC_WARN_UNDECLARED_SELECTOR = YES;
				GCC_WARN_UNINITIALIZED_AUTOS = YES_AGGRESSIVE;
				GCC_WARN_UNUSED_FUNCTION = YES;
				GCC_WARN_UNUSED_VARIABLE = YES;
				IPHONEOS_DEPLOYMENT_TARGET = 14.2;
				MTL_ENABLE_DEBUG_INFO = INCLUDE_SOURCE;
				MTL_FAST_MATH = YES;
				ONLY_ACTIVE_ARCH = YES;
				SDKROOT = iphoneos;
				SWIFT_ACTIVE_COMPILATION_CONDITIONS = DEBUG;
				SWIFT_OPTIMIZATION_LEVEL = "-Onone";
			};
			name = Debug;
		};
		581C693B25AEC6C2004ECFBC /* Release */ = {
			isa = XCBuildConfiguration;
			buildSettings = {
				ALWAYS_SEARCH_USER_PATHS = NO;
				CLANG_ANALYZER_NONNULL = YES;
				CLANG_ANALYZER_NUMBER_OBJECT_CONVERSION = YES_AGGRESSIVE;
				CLANG_CXX_LANGUAGE_STANDARD = "gnu++14";
				CLANG_CXX_LIBRARY = "libc++";
				CLANG_ENABLE_MODULES = YES;
				CLANG_ENABLE_OBJC_ARC = YES;
				CLANG_ENABLE_OBJC_WEAK = YES;
				CLANG_WARN_BLOCK_CAPTURE_AUTORELEASING = YES;
				CLANG_WARN_BOOL_CONVERSION = YES;
				CLANG_WARN_COMMA = YES;
				CLANG_WARN_CONSTANT_CONVERSION = YES;
				CLANG_WARN_DEPRECATED_OBJC_IMPLEMENTATIONS = YES;
				CLANG_WARN_DIRECT_OBJC_ISA_USAGE = YES_ERROR;
				CLANG_WARN_DOCUMENTATION_COMMENTS = YES;
				CLANG_WARN_EMPTY_BODY = YES;
				CLANG_WARN_ENUM_CONVERSION = YES;
				CLANG_WARN_INFINITE_RECURSION = YES;
				CLANG_WARN_INT_CONVERSION = YES;
				CLANG_WARN_NON_LITERAL_NULL_CONVERSION = YES;
				CLANG_WARN_OBJC_IMPLICIT_RETAIN_SELF = YES;
				CLANG_WARN_OBJC_LITERAL_CONVERSION = YES;
				CLANG_WARN_OBJC_ROOT_CLASS = YES_ERROR;
				CLANG_WARN_QUOTED_INCLUDE_IN_FRAMEWORK_HEADER = YES;
				CLANG_WARN_RANGE_LOOP_ANALYSIS = YES;
				CLANG_WARN_STRICT_PROTOTYPES = YES;
				CLANG_WARN_SUSPICIOUS_MOVE = YES;
				CLANG_WARN_UNGUARDED_AVAILABILITY = YES_AGGRESSIVE;
				CLANG_WARN_UNREACHABLE_CODE = YES;
				CLANG_WARN__DUPLICATE_METHOD_MATCH = YES;
				COPY_PHASE_STRIP = NO;
				DEBUG_INFORMATION_FORMAT = "dwarf-with-dsym";
				ENABLE_NS_ASSERTIONS = NO;
				ENABLE_STRICT_OBJC_MSGSEND = YES;
				GCC_C_LANGUAGE_STANDARD = gnu11;
				GCC_NO_COMMON_BLOCKS = YES;
				GCC_WARN_64_TO_32_BIT_CONVERSION = YES;
				GCC_WARN_ABOUT_RETURN_TYPE = YES_ERROR;
				GCC_WARN_UNDECLARED_SELECTOR = YES;
				GCC_WARN_UNINITIALIZED_AUTOS = YES_AGGRESSIVE;
				GCC_WARN_UNUSED_FUNCTION = YES;
				GCC_WARN_UNUSED_VARIABLE = YES;
				IPHONEOS_DEPLOYMENT_TARGET = 14.2;
				MTL_ENABLE_DEBUG_INFO = NO;
				MTL_FAST_MATH = YES;
				SDKROOT = iphoneos;
				SWIFT_COMPILATION_MODE = wholemodule;
				SWIFT_OPTIMIZATION_LEVEL = "-O";
				VALIDATE_PRODUCT = YES;
			};
			name = Release;
		};
		581C693D25AEC6C2004ECFBC /* Debug */ = {
			isa = XCBuildConfiguration;
			buildSettings = {
				ASSETCATALOG_COMPILER_APPICON_NAME = AppIcon;
				ASSETCATALOG_COMPILER_GLOBAL_ACCENT_COLOR_NAME = AccentColor;
				CODE_SIGN_STYLE = Automatic;
				INFOPLIST_FILE = CurrencyConverter/Info.plist;
				LD_RUNPATH_SEARCH_PATHS = (
					"$(inherited)",
					"@executable_path/Frameworks",
				);
				PRODUCT_BUNDLE_IDENTIFIER = com.ios.CurrencyConverter;
				PRODUCT_NAME = "$(TARGET_NAME)";
				SWIFT_VERSION = 5.0;
				TARGETED_DEVICE_FAMILY = "1,2";
			};
			name = Debug;
		};
		581C693E25AEC6C2004ECFBC /* Release */ = {
			isa = XCBuildConfiguration;
			buildSettings = {
				ASSETCATALOG_COMPILER_APPICON_NAME = AppIcon;
				ASSETCATALOG_COMPILER_GLOBAL_ACCENT_COLOR_NAME = AccentColor;
				CODE_SIGN_STYLE = Automatic;
				INFOPLIST_FILE = CurrencyConverter/Info.plist;
				LD_RUNPATH_SEARCH_PATHS = (
					"$(inherited)",
					"@executable_path/Frameworks",
				);
				PRODUCT_BUNDLE_IDENTIFIER = com.ios.CurrencyConverter;
				PRODUCT_NAME = "$(TARGET_NAME)";
				SWIFT_VERSION = 5.0;
				TARGETED_DEVICE_FAMILY = "1,2";
			};
			name = Release;
		};
/* End XCBuildConfiguration section */

/* Begin XCConfigurationList section */
		581C692325AEC6BB004ECFBC /* Build configuration list for PBXProject "CurrencyConverter" */ = {
			isa = XCConfigurationList;
			buildConfigurations = (
				581C693A25AEC6C2004ECFBC /* Debug */,
				581C693B25AEC6C2004ECFBC /* Release */,
			);
			defaultConfigurationIsVisible = 0;
			defaultConfigurationName = Release;
		};
		581C693C25AEC6C2004ECFBC /* Build configuration list for PBXNativeTarget "CurrencyConverter" */ = {
			isa = XCConfigurationList;
			buildConfigurations = (
				581C693D25AEC6C2004ECFBC /* Debug */,
				581C693E25AEC6C2004ECFBC /* Release */,
			);
			defaultConfigurationIsVisible = 0;
			defaultConfigurationName = Release;
		};
/* End XCConfigurationList section */
	};
	rootObject = 581C692025AEC6BB004ECFBC /* Project object */;
}
